{
  "name": "pi-node-sht31",
  "version": "0.1.0",
  "lockfileVersion": 1,
  "requires": true,
  "dependencies": {
    "bindings": {
      "version": "1.3.0",
      "resolved": "https://registry.npmjs.org/bindings/-/bindings-1.3.0.tgz",
      "integrity": "sha512-DpLh5EzMR2kzvX1KIlVC0VkC3iZtHKTgdtZ0a3pglBZdaQFjt5S9g9xd1lE+YvXyfd6mtCeRnrUfOLYiTMlNSw=="
    },
    "bluebird": {
      "version": "3.5.1",
      "resolved": "https://registry.npmjs.org/bluebird/-/bluebird-3.5.1.tgz",
      "integrity": "sha512-MKiLiV+I1AA596t9w1sQJ8jkiSr5+ZKi0WKrYGUn6d1Fx+Ij4tIj+m2WMQSGczs5jZVxV339chE8iwk6F64wjA=="
    },
    "i2c-bus": {
      "version": "1.2.4",
      "resolved": "https://registry.npmjs.org/i2c-bus/-/i2c-bus-1.2.4.tgz",
      "integrity": "sha512-rTLwQWmkqUSxqYS83vzmXfFNsLl71bgKPX+bF8G7QLXwf/wDN+5aX4rrieis5dN+D7DcY7+RxtR2B5avZ0eaFA==",
      "requires": {
        "bindings": "1.3.0",
        "nan": "2.7.0"
      }
    },
    "nan": {
      "version": "2.7.0",
      "resolved": "https://registry.npmjs.org/nan/-/nan-2.7.0.tgz",
      "integrity": "sha1-2Vv3IeyHfgjbJ27T/G63j5CDrUY="
    }
  }
}
