{
  "name": "sht31-node-binding",
  "version": "0.2.1",
  "lockfileVersion": 1,
  "requires": true,
  "dependencies": {
    "bindings": {
      "version": "1.3.1",
      "resolved": "https://registry.npmjs.org/bindings/-/bindings-1.3.1.tgz",
      "integrity": "sha512-i47mqjF9UbjxJhxGf+pZ6kSxrnI3wBLlnGI2ArWJ4r0VrvDS7ZYXkprq/pLaBWYq4GM0r4zdHY+NNRqEMU7uew=="
    },
    "i2c-bus": {
      "version": "4.0.6",
      "resolved": "https://registry.npmjs.org/i2c-bus/-/i2c-bus-4.0.6.tgz",
      "integrity": "sha512-9I/JxojEPnFvEdw3whDQlgQ35NHOGCt0mADfImQVhDz5elhMQm26qhR+XnWVHtt3zIf9B9Wun4x8pMaeuGxlKQ==",
      "requires": {
        "bindings": "^1.3.0",
        "nan": "^2.11.1"
      }
    },
    "nan": {
      "version": "2.12.0",
      "resolved": "https://registry.npmjs.org/nan/-/nan-2.12.0.tgz",
      "integrity": "sha512-zT5nC0JhbljmyEf+Z456nvm7iO7XgRV2hYxoBtPpnyp+0Q4aCoP6uWNn76v/I6k2kCYNLWqWbwBWQcjsNI/bjw=="
    }
  }
}
